{
  "object": {
    "pins": [
      {
        "package": "Kingfisher",
        "repositoryURL": "https://github.com/onevcat/Kingfisher.git",
        "state": {
          "branch": "master",
          "revision": "15dde451f97a8ae18ea4f94969b7c8546f034b37",
          "version": null
        }
      },
      {
        "package": "SQLite.swift",
        "repositoryURL": "https://github.com/stephencelis/SQLite.swift.git",
        "state": {
          "branch": null,
          "revision": "60a65015f6402b7c34b9a924f755ca0a73afeeaa",
          "version": "0.13.1"
        }
      }
    ]
  },
  "version": 1
}
