// !$*UTF8*$!
{
	archiveVersion = 1;
	classes = {
	};
	objectVersion = 55;
	objects = {

/* Begin PBXBuildFile section */
		76B95FF9278D8C0600ED5DA4 /* FlickrService.swift in Sources */ = {isa = PBXBuildFile; fileRef = 76B95FF8278D8C0600ED5DA4 /* FlickrService.swift */; };
		76B95FFC278D8C7E00ED5DA4 /* NetworkProvider in Frameworks */ = {isa = PBXBuildFile; productRef = 76B95FFB278D8C7E00ED5DA4 /* NetworkProvider */; };
		76B96003278D91A600ED5DA4 /* FlickrRepository.swift in Sources */ = {isa = PBXBuildFile; fileRef = 76B96002278D91A600ED5DA4 /* FlickrRepository.swift */; };
		76B96005278D91B500ED5DA4 /* FlickrRepositoryProtocol.swift in Sources */ = {isa = PBXBuildFile; fileRef = 76B96004278D91B500ED5DA4 /* FlickrRepositoryProtocol.swift */; };
		76B96007278D924E00ED5DA4 /* FlickrServiceClient.swift in Sources */ = {isa = PBXBuildFile; fileRef = 76B96006278D924E00ED5DA4 /* FlickrServiceClient.swift */; };
		76B96009278DB2A600ED5DA4 /* ImageList.swift in Sources */ = {isa = PBXBuildFile; fileRef = 76B96008278DB2A600ED5DA4 /* ImageList.swift */; };
		76B9600C278DC73400ED5DA4 /* MockServiceClient.swift in Sources */ = {isa = PBXBuildFile; fileRef = 76B9600B278DC73400ED5DA4 /* MockServiceClient.swift */; };
		76B9600E278DC80300ED5DA4 /* MockService.swift in Sources */ = {isa = PBXBuildFile; fileRef = 76B9600D278DC80300ED5DA4 /* MockService.swift */; };
		76B96010278DD6C500ED5DA4 /* SearchParameters.swift in Sources */ = {isa = PBXBuildFile; fileRef = 76B9600F278DD6C500ED5DA4 /* SearchParameters.swift */; };
		76C84D38278C818F00C327FA /* MobiquityApp.swift in Sources */ = {isa = PBXBuildFile; fileRef = 76C84D37278C818F00C327FA /* MobiquityApp.swift */; };
		76C84D3A278C818F00C327FA /* ContentView.swift in Sources */ = {isa = PBXBuildFile; fileRef = 76C84D39278C818F00C327FA /* ContentView.swift */; };
		76C84D3C278C819100C327FA /* Assets.xcassets in Resources */ = {isa = PBXBuildFile; fileRef = 76C84D3B278C819100C327FA /* Assets.xcassets */; };
		76C84D3F278C819100C327FA /* Preview Assets.xcassets in Resources */ = {isa = PBXBuildFile; fileRef = 76C84D3E278C819100C327FA /* Preview Assets.xcassets */; };
		76C84D49278C819100C327FA /* MobiquityTests.swift in Sources */ = {isa = PBXBuildFile; fileRef = 76C84D48278C819100C327FA /* MobiquityTests.swift */; };
		76C84D53278C819100C327FA /* MobiquityUITests.swift in Sources */ = {isa = PBXBuildFile; fileRef = 76C84D52278C819100C327FA /* MobiquityUITests.swift */; };
		76C84D55278C819100C327FA /* MobiquityUITestsLaunchTests.swift in Sources */ = {isa = PBXBuildFile; fileRef = 76C84D54278C819100C327FA /* MobiquityUITestsLaunchTests.swift */; };
		76C84D65278C8B0900C327FA /* Item.swift in Sources */ = {isa = PBXBuildFile; fileRef = 76C84D64278C8B0900C327FA /* Item.swift */; };
		76C84D6A278C8B5900C327FA /* CardView.swift in Sources */ = {isa = PBXBuildFile; fileRef = 76C84D69278C8B5900C327FA /* CardView.swift */; };
		76C84D6D278C957700C327FA /* ItemListViewModel.swift in Sources */ = {isa = PBXBuildFile; fileRef = 76C84D6C278C957700C327FA /* ItemListViewModel.swift */; };
		76C84D6F278C96A100C327FA /* ListViewModelProtocol.swift in Sources */ = {isa = PBXBuildFile; fileRef = 76C84D6E278C96A100C327FA /* ListViewModelProtocol.swift */; };
		76C84D74278CBACC00C327FA /* ItemListViewModelTests.swift in Sources */ = {isa = PBXBuildFile; fileRef = 76C84D73278CBACC00C327FA /* ItemListViewModelTests.swift */; };
		76C84D76278CBAE000C327FA /* CardViewTests.swift in Sources */ = {isa = PBXBuildFile; fileRef = 76C84D75278CBAE000C327FA /* CardViewTests.swift */; };
		76C84D78278CBAF000C327FA /* ItemTests.swift in Sources */ = {isa = PBXBuildFile; fileRef = 76C84D77278CBAF000C327FA /* ItemTests.swift */; };
/* End PBXBuildFile section */

/* Begin PBXContainerItemProxy section */
		76C84D45278C819100C327FA /* PBXContainerItemProxy */ = {
			isa = PBXContainerItemProxy;
			containerPortal = 76C84D2C278C818F00C327FA /* Project object */;
			proxyType = 1;
			remoteGlobalIDString = 76C84D33278C818F00C327FA;
			remoteInfo = Mobiquity;
		};
		76C84D4F278C819100C327FA /* PBXContainerItemProxy */ = {
			isa = PBXContainerItemProxy;
			containerPortal = 76C84D2C278C818F00C327FA /* Project object */;
			proxyType = 1;
			remoteGlobalIDString = 76C84D33278C818F00C327FA;
			remoteInfo = Mobiquity;
		};
/* End PBXContainerItemProxy section */

/* Begin PBXFileReference section */
		76B95FF8278D8C0600ED5DA4 /* FlickrService.swift */ = {isa = PBXFileReference; lastKnownFileType = sourcecode.swift; path = FlickrService.swift; sourceTree = "<group>"; };
		76B96000278D8E7500ED5DA4 /* Info.plist */ = {isa = PBXFileReference; lastKnownFileType = text.plist; path = Info.plist; sourceTree = "<group>"; };
		76B96002278D91A600ED5DA4 /* FlickrRepository.swift */ = {isa = PBXFileReference; lastKnownFileType = sourcecode.swift; path = FlickrRepository.swift; sourceTree = "<group>"; };
		76B96004278D91B500ED5DA4 /* FlickrRepositoryProtocol.swift */ = {isa = PBXFileReference; lastKnownFileType = sourcecode.swift; path = FlickrRepositoryProtocol.swift; sourceTree = "<group>"; };
		76B96006278D924E00ED5DA4 /* FlickrServiceClient.swift */ = {isa = PBXFileReference; lastKnownFileType = sourcecode.swift; path = FlickrServiceClient.swift; sourceTree = "<group>"; };
		76B96008278DB2A600ED5DA4 /* ImageList.swift */ = {isa = PBXFileReference; lastKnownFileType = sourcecode.swift; path = ImageList.swift; sourceTree = "<group>"; };
		76B9600B278DC73400ED5DA4 /* MockServiceClient.swift */ = {isa = PBXFileReference; lastKnownFileType = sourcecode.swift; path = MockServiceClient.swift; sourceTree = "<group>"; };
		76B9600D278DC80300ED5DA4 /* MockService.swift */ = {isa = PBXFileReference; lastKnownFileType = sourcecode.swift; path = MockService.swift; sourceTree = "<group>"; };
		76B9600F278DD6C500ED5DA4 /* SearchParameters.swift */ = {isa = PBXFileReference; lastKnownFileType = sourcecode.swift; path = SearchParameters.swift; sourceTree = "<group>"; };
		76C84D34278C818F00C327FA /* Mobiquity.app */ = {isa = PBXFileReference; explicitFileType = wrapper.application; includeInIndex = 0; path = Mobiquity.app; sourceTree = BUILT_PRODUCTS_DIR; };
		76C84D37278C818F00C327FA /* MobiquityApp.swift */ = {isa = PBXFileReference; lastKnownFileType = sourcecode.swift; path = MobiquityApp.swift; sourceTree = "<group>"; };
		76C84D39278C818F00C327FA /* ContentView.swift */ = {isa = PBXFileReference; lastKnownFileType = sourcecode.swift; path = ContentView.swift; sourceTree = "<group>"; };
		76C84D3B278C819100C327FA /* Assets.xcassets */ = {isa = PBXFileReference; lastKnownFileType = folder.assetcatalog; path = Assets.xcassets; sourceTree = "<group>"; };
		76C84D3E278C819100C327FA /* Preview Assets.xcassets */ = {isa = PBXFileReference; lastKnownFileType = folder.assetcatalog; path = "Preview Assets.xcassets"; sourceTree = "<group>"; };
		76C84D44278C819100C327FA /* MobiquityTests.xctest */ = {isa = PBXFileReference; explicitFileType = wrapper.cfbundle; includeInIndex = 0; path = MobiquityTests.xctest; sourceTree = BUILT_PRODUCTS_DIR; };
		76C84D48278C819100C327FA /* MobiquityTests.swift */ = {isa = PBXFileReference; lastKnownFileType = sourcecode.swift; path = MobiquityTests.swift; sourceTree = "<group>"; };
		76C84D4E278C819100C327FA /* MobiquityUITests.xctest */ = {isa = PBXFileReference; explicitFileType = wrapper.cfbundle; includeInIndex = 0; path = MobiquityUITests.xctest; sourceTree = BUILT_PRODUCTS_DIR; };
		76C84D52278C819100C327FA /* MobiquityUITests.swift */ = {isa = PBXFileReference; lastKnownFileType = sourcecode.swift; path = MobiquityUITests.swift; sourceTree = "<group>"; };
		76C84D54278C819100C327FA /* MobiquityUITestsLaunchTests.swift */ = {isa = PBXFileReference; lastKnownFileType = sourcecode.swift; path = MobiquityUITestsLaunchTests.swift; sourceTree = "<group>"; };
		76C84D64278C8B0900C327FA /* Item.swift */ = {isa = PBXFileReference; lastKnownFileType = sourcecode.swift; path = Item.swift; sourceTree = "<group>"; };
		76C84D69278C8B5900C327FA /* CardView.swift */ = {isa = PBXFileReference; lastKnownFileType = sourcecode.swift; path = CardView.swift; sourceTree = "<group>"; };
		76C84D6C278C957700C327FA /* ItemListViewModel.swift */ = {isa = PBXFileReference; lastKnownFileType = sourcecode.swift; path = ItemListViewModel.swift; sourceTree = "<group>"; };
		76C84D6E278C96A100C327FA /* ListViewModelProtocol.swift */ = {isa = PBXFileReference; lastKnownFileType = sourcecode.swift; path = ListViewModelProtocol.swift; sourceTree = "<group>"; };
		76C84D73278CBACC00C327FA /* ItemListViewModelTests.swift */ = {isa = PBXFileReference; lastKnownFileType = sourcecode.swift; path = ItemListViewModelTests.swift; sourceTree = "<group>"; };
		76C84D75278CBAE000C327FA /* CardViewTests.swift */ = {isa = PBXFileReference; lastKnownFileType = sourcecode.swift; path = CardViewTests.swift; sourceTree = "<group>"; };
		76C84D77278CBAF000C327FA /* ItemTests.swift */ = {isa = PBXFileReference; lastKnownFileType = sourcecode.swift; path = ItemTests.swift; sourceTree = "<group>"; };
/* End PBXFileReference section */

/* Begin PBXFrameworksBuildPhase section */
		76C84D31278C818F00C327FA /* Frameworks */ = {
			isa = PBXFrameworksBuildPhase;
			buildActionMask = 2147483647;
			files = (
				76B95FFC278D8C7E00ED5DA4 /* NetworkProvider in Frameworks */,
			);
			runOnlyForDeploymentPostprocessing = 0;
		};
		76C84D41278C819100C327FA /* Frameworks */ = {
			isa = PBXFrameworksBuildPhase;
			buildActionMask = 2147483647;
			files = (
			);
			runOnlyForDeploymentPostprocessing = 0;
		};
		76C84D4B278C819100C327FA /* Frameworks */ = {
			isa = PBXFrameworksBuildPhase;
			buildActionMask = 2147483647;
			files = (
			);
			runOnlyForDeploymentPostprocessing = 0;
		};
/* End PBXFrameworksBuildPhase section */

/* Begin PBXGroup section */
		76B95FF7278D8BE900ED5DA4 /* Services */ = {
			isa = PBXGroup;
			children = (
				76B95FF8278D8C0600ED5DA4 /* FlickrService.swift */,
				76B96006278D924E00ED5DA4 /* FlickrServiceClient.swift */,
			);
			path = Services;
			sourceTree = "<group>";
		};
		76B95FFA278D8C7E00ED5DA4 /* Frameworks */ = {
			isa = PBXGroup;
			children = (
			);
			name = Frameworks;
			sourceTree = "<group>";
		};
		76B96001278D918900ED5DA4 /* Repository */ = {
			isa = PBXGroup;
			children = (
				76B96002278D91A600ED5DA4 /* FlickrRepository.swift */,
				76B96004278D91B500ED5DA4 /* FlickrRepositoryProtocol.swift */,
			);
			path = Repository;
			sourceTree = "<group>";
		};
		76B9600A278DC71F00ED5DA4 /* Services */ = {
			isa = PBXGroup;
			children = (
				76B9600B278DC73400ED5DA4 /* MockServiceClient.swift */,
				76B9600D278DC80300ED5DA4 /* MockService.swift */,
			);
			path = Services;
			sourceTree = "<group>";
		};
		76C84D2B278C818F00C327FA = {
			isa = PBXGroup;
			children = (
				76C84D36278C818F00C327FA /* Mobiquity */,
				76C84D47278C819100C327FA /* MobiquityTests */,
				76C84D51278C819100C327FA /* MobiquityUITests */,
				76C84D35278C818F00C327FA /* Products */,
				76B95FFA278D8C7E00ED5DA4 /* Frameworks */,
			);
			sourceTree = "<group>";
		};
		76C84D35278C818F00C327FA /* Products */ = {
			isa = PBXGroup;
			children = (
				76C84D34278C818F00C327FA /* Mobiquity.app */,
				76C84D44278C819100C327FA /* MobiquityTests.xctest */,
				76C84D4E278C819100C327FA /* MobiquityUITests.xctest */,
			);
			name = Products;
			sourceTree = "<group>";
		};
		76C84D36278C818F00C327FA /* Mobiquity */ = {
			isa = PBXGroup;
			children = (
				76B96000278D8E7500ED5DA4 /* Info.plist */,
				76B95FF7278D8BE900ED5DA4 /* Services */,
				76C84D6B278C8C0800C327FA /* ViewModel */,
				76C84D66278C8B1400C327FA /* View */,
				76C84D61278C8AE100C327FA /* Model */,
				76B96001278D918900ED5DA4 /* Repository */,
				76C84D37278C818F00C327FA /* MobiquityApp.swift */,
				76C84D3B278C819100C327FA /* Assets.xcassets */,
				76C84D3D278C819100C327FA /* Preview Content */,
			);
			path = Mobiquity;
			sourceTree = "<group>";
		};
		76C84D3D278C819100C327FA /* Preview Content */ = {
			isa = PBXGroup;
			children = (
				76C84D3E278C819100C327FA /* Preview Assets.xcassets */,
			);
			path = "Preview Content";
			sourceTree = "<group>";
		};
		76C84D47278C819100C327FA /* MobiquityTests */ = {
			isa = PBXGroup;
			children = (
				76B9600A278DC71F00ED5DA4 /* Services */,
				76C84D70278CBA9200C327FA /* ViewModel */,
				76C84D71278CBA9A00C327FA /* View */,
				76C84D72278CBAA200C327FA /* Model */,
				76C84D48278C819100C327FA /* MobiquityTests.swift */,
			);
			path = MobiquityTests;
			sourceTree = "<group>";
		};
		76C84D51278C819100C327FA /* MobiquityUITests */ = {
			isa = PBXGroup;
			children = (
				76C84D52278C819100C327FA /* MobiquityUITests.swift */,
				76C84D54278C819100C327FA /* MobiquityUITestsLaunchTests.swift */,
			);
			path = MobiquityUITests;
			sourceTree = "<group>";
		};
		76C84D61278C8AE100C327FA /* Model */ = {
			isa = PBXGroup;
			children = (
				76C84D64278C8B0900C327FA /* Item.swift */,
				76B96008278DB2A600ED5DA4 /* ImageList.swift */,
				76B9600F278DD6C500ED5DA4 /* SearchParameters.swift */,
			);
			path = Model;
			sourceTree = "<group>";
		};
		76C84D66278C8B1400C327FA /* View */ = {
			isa = PBXGroup;
			children = (
				76C84D39278C818F00C327FA /* ContentView.swift */,
				76C84D69278C8B5900C327FA /* CardView.swift */,
			);
			path = View;
			sourceTree = "<group>";
		};
		76C84D6B278C8C0800C327FA /* ViewModel */ = {
			isa = PBXGroup;
			children = (
				76C84D6C278C957700C327FA /* ItemListViewModel.swift */,
				76C84D6E278C96A100C327FA /* ListViewModelProtocol.swift */,
			);
			path = ViewModel;
			sourceTree = "<group>";
		};
		76C84D70278CBA9200C327FA /* ViewModel */ = {
			isa = PBXGroup;
			children = (
				76C84D73278CBACC00C327FA /* ItemListViewModelTests.swift */,
			);
			path = ViewModel;
			sourceTree = "<group>";
		};
		76C84D71278CBA9A00C327FA /* View */ = {
			isa = PBXGroup;
			children = (
				76C84D75278CBAE000C327FA /* CardViewTests.swift */,
			);
			path = View;
			sourceTree = "<group>";
		};
		76C84D72278CBAA200C327FA /* Model */ = {
			isa = PBXGroup;
			children = (
				76C84D77278CBAF000C327FA /* ItemTests.swift */,
			);
			path = Model;
			sourceTree = "<group>";
		};
/* End PBXGroup section */

/* Begin PBXNativeTarget section */
		76C84D33278C818F00C327FA /* Mobiquity */ = {
			isa = PBXNativeTarget;
			buildConfigurationList = 76C84D58278C819100C327FA /* Build configuration list for PBXNativeTarget "Mobiquity" */;
			buildPhases = (
				76C84D30278C818F00C327FA /* Sources */,
				76C84D31278C818F00C327FA /* Frameworks */,
				76C84D32278C818F00C327FA /* Resources */,
			);
			buildRules = (
			);
			dependencies = (
			);
			name = Mobiquity;
			packageProductDependencies = (
				76B95FFB278D8C7E00ED5DA4 /* NetworkProvider */,
			);
			productName = Mobiquity;
			productReference = 76C84D34278C818F00C327FA /* Mobiquity.app */;
			productType = "com.apple.product-type.application";
		};
		76C84D43278C819100C327FA /* MobiquityTests */ = {
			isa = PBXNativeTarget;
			buildConfigurationList = 76C84D5B278C819100C327FA /* Build configuration list for PBXNativeTarget "MobiquityTests" */;
			buildPhases = (
				76C84D40278C819100C327FA /* Sources */,
				76C84D41278C819100C327FA /* Frameworks */,
				76C84D42278C819100C327FA /* Resources */,
			);
			buildRules = (
			);
			dependencies = (
				76C84D46278C819100C327FA /* PBXTargetDependency */,
			);
			name = MobiquityTests;
			productName = MobiquityTests;
			productReference = 76C84D44278C819100C327FA /* MobiquityTests.xctest */;
			productType = "com.apple.product-type.bundle.unit-test";
		};
		76C84D4D278C819100C327FA /* MobiquityUITests */ = {
			isa = PBXNativeTarget;
			buildConfigurationList = 76C84D5E278C819100C327FA /* Build configuration list for PBXNativeTarget "MobiquityUITests" */;
			buildPhases = (
				76C84D4A278C819100C327FA /* Sources */,
				76C84D4B278C819100C327FA /* Frameworks */,
				76C84D4C278C819100C327FA /* Resources */,
			);
			buildRules = (
			);
			dependencies = (
				76C84D50278C819100C327FA /* PBXTargetDependency */,
			);
			name = MobiquityUITests;
			productName = MobiquityUITests;
			productReference = 76C84D4E278C819100C327FA /* MobiquityUITests.xctest */;
			productType = "com.apple.product-type.bundle.ui-testing";
		};
/* End PBXNativeTarget section */

/* Begin PBXProject section */
		76C84D2C278C818F00C327FA /* Project object */ = {
			isa = PBXProject;
			attributes = {
				BuildIndependentTargetsInParallel = 1;
				LastSwiftUpdateCheck = 1300;
				LastUpgradeCheck = 1300;
				TargetAttributes = {
					76C84D33278C818F00C327FA = {
						CreatedOnToolsVersion = 13.0;
					};
					76C84D43278C819100C327FA = {
						CreatedOnToolsVersion = 13.0;
						TestTargetID = 76C84D33278C818F00C327FA;
					};
					76C84D4D278C819100C327FA = {
						CreatedOnToolsVersion = 13.0;
						TestTargetID = 76C84D33278C818F00C327FA;
					};
				};
			};
			buildConfigurationList = 76C84D2F278C818F00C327FA /* Build configuration list for PBXProject "Mobiquity" */;
			compatibilityVersion = "Xcode 13.0";
			developmentRegion = en;
			hasScannedForEncodings = 0;
			knownRegions = (
				en,
				Base,
			);
			mainGroup = 76C84D2B278C818F00C327FA;
			productRefGroup = 76C84D35278C818F00C327FA /* Products */;
			projectDirPath = "";
			projectRoot = "";
			targets = (
				76C84D33278C818F00C327FA /* Mobiquity */,
				76C84D43278C819100C327FA /* MobiquityTests */,
				76C84D4D278C819100C327FA /* MobiquityUITests */,
			);
		};
/* End PBXProject section */

/* Begin PBXResourcesBuildPhase section */
		76C84D32278C818F00C327FA /* Resources */ = {
			isa = PBXResourcesBuildPhase;
			buildActionMask = 2147483647;
			files = (
				76C84D3F278C819100C327FA /* Preview Assets.xcassets in Resources */,
				76C84D3C278C819100C327FA /* Assets.xcassets in Resources */,
			);
			runOnlyForDeploymentPostprocessing = 0;
		};
		76C84D42278C819100C327FA /* Resources */ = {
			isa = PBXResourcesBuildPhase;
			buildActionMask = 2147483647;
			files = (
			);
			runOnlyForDeploymentPostprocessing = 0;
		};
		76C84D4C278C819100C327FA /* Resources */ = {
			isa = PBXResourcesBuildPhase;
			buildActionMask = 2147483647;
			files = (
			);
			runOnlyForDeploymentPostprocessing = 0;
		};
/* End PBXResourcesBuildPhase section */

/* Begin PBXSourcesBuildPhase section */
		76C84D30278C818F00C327FA /* Sources */ = {
			isa = PBXSourcesBuildPhase;
			buildActionMask = 2147483647;
			files = (
				76C84D3A278C818F00C327FA /* ContentView.swift in Sources */,
				76B95FF9278D8C0600ED5DA4 /* FlickrService.swift in Sources */,
				76C84D38278C818F00C327FA /* MobiquityApp.swift in Sources */,
				76B96010278DD6C500ED5DA4 /* SearchParameters.swift in Sources */,
				76B96007278D924E00ED5DA4 /* FlickrServiceClient.swift in Sources */,
				76B96009278DB2A600ED5DA4 /* ImageList.swift in Sources */,
				76C84D6A278C8B5900C327FA /* CardView.swift in Sources */,
				76B96005278D91B500ED5DA4 /* FlickrRepositoryProtocol.swift in Sources */,
				76B96003278D91A600ED5DA4 /* FlickrRepository.swift in Sources */,
				76C84D65278C8B0900C327FA /* Item.swift in Sources */,
				76C84D6D278C957700C327FA /* ItemListViewModel.swift in Sources */,
				76C84D6F278C96A100C327FA /* ListViewModelProtocol.swift in Sources */,
			);
			runOnlyForDeploymentPostprocessing = 0;
		};
		76C84D40278C819100C327FA /* Sources */ = {
			isa = PBXSourcesBuildPhase;
			buildActionMask = 2147483647;
			files = (
				76C84D78278CBAF000C327FA /* ItemTests.swift in Sources */,
				76C84D49278C819100C327FA /* MobiquityTests.swift in Sources */,
				76B9600C278DC73400ED5DA4 /* MockServiceClient.swift in Sources */,
				76C84D74278CBACC00C327FA /* ItemListViewModelTests.swift in Sources */,
				76C84D76278CBAE000C327FA /* CardViewTests.swift in Sources */,
				76B9600E278DC80300ED5DA4 /* MockService.swift in Sources */,
			);
			runOnlyForDeploymentPostprocessing = 0;
		};
		76C84D4A278C819100C327FA /* Sources */ = {
			isa = PBXSourcesBuildPhase;
			buildActionMask = 2147483647;
			files = (
				76C84D55278C819100C327FA /* MobiquityUITestsLaunchTests.swift in Sources */,
				76C84D53278C819100C327FA /* MobiquityUITests.swift in Sources */,
			);
			runOnlyForDeploymentPostprocessing = 0;
		};
/* End PBXSourcesBuildPhase section */

/* Begin PBXTargetDependency section */
		76C84D46278C819100C327FA /* PBXTargetDependency */ = {
			isa = PBXTargetDependency;
			target = 76C84D33278C818F00C327FA /* Mobiquity */;
			targetProxy = 76C84D45278C819100C327FA /* PBXContainerItemProxy */;
		};
		76C84D50278C819100C327FA /* PBXTargetDependency */ = {
			isa = PBXTargetDependency;
			target = 76C84D33278C818F00C327FA /* Mobiquity */;
			targetProxy = 76C84D4F278C819100C327FA /* PBXContainerItemProxy */;
		};
/* End PBXTargetDependency section */

/* Begin XCBuildConfiguration section */
		76C84D56278C819100C327FA /* Debug */ = {
			isa = XCBuildConfiguration;
			buildSettings = {
				ALWAYS_SEARCH_USER_PATHS = NO;
				CLANG_ANALYZER_NONNULL = YES;
				CLANG_ANALYZER_NUMBER_OBJECT_CONVERSION = YES_AGGRESSIVE;
				CLANG_CXX_LANGUAGE_STANDARD = "gnu++17";
				CLANG_CXX_LIBRARY = "libc++";
				CLANG_ENABLE_MODULES = YES;
				CLANG_ENABLE_OBJC_ARC = YES;
				CLANG_ENABLE_OBJC_WEAK = YES;
				CLANG_WARN_BLOCK_CAPTURE_AUTORELEASING = YES;
				CLANG_WARN_BOOL_CONVERSION = YES;
				CLANG_WARN_COMMA = YES;
				CLANG_WARN_CONSTANT_CONVERSION = YES;
				CLANG_WARN_DEPRECATED_OBJC_IMPLEMENTATIONS = YES;
				CLANG_WARN_DIRECT_OBJC_ISA_USAGE = YES_ERROR;
				CLANG_WARN_DOCUMENTATION_COMMENTS = YES;
				CLANG_WARN_EMPTY_BODY = YES;
				CLANG_WARN_ENUM_CONVERSION = YES;
				CLANG_WARN_INFINITE_RECURSION = YES;
				CLANG_WARN_INT_CONVERSION = YES;
				CLANG_WARN_NON_LITERAL_NULL_CONVERSION = YES;
				CLANG_WARN_OBJC_IMPLICIT_RETAIN_SELF = YES;
				CLANG_WARN_OBJC_LITERAL_CONVERSION = YES;
				CLANG_WARN_OBJC_ROOT_CLASS = YES_ERROR;
				CLANG_WARN_QUOTED_INCLUDE_IN_FRAMEWORK_HEADER = YES;
				CLANG_WARN_RANGE_LOOP_ANALYSIS = YES;
				CLANG_WARN_STRICT_PROTOTYPES = YES;
				CLANG_WARN_SUSPICIOUS_MOVE = YES;
				CLANG_WARN_UNGUARDED_AVAILABILITY = YES_AGGRESSIVE;
				CLANG_WARN_UNREACHABLE_CODE = YES;
				CLANG_WARN__DUPLICATE_METHOD_MATCH = YES;
				COPY_PHASE_STRIP = NO;
				DEBUG_INFORMATION_FORMAT = dwarf;
				ENABLE_STRICT_OBJC_MSGSEND = YES;
				ENABLE_TESTABILITY = YES;
				GCC_C_LANGUAGE_STANDARD = gnu11;
				GCC_DYNAMIC_NO_PIC = NO;
				GCC_NO_COMMON_BLOCKS = YES;
				GCC_OPTIMIZATION_LEVEL = 0;
				GCC_PREPROCESSOR_DEFINITIONS = (
					"DEBUG=1",
					"$(inherited)",
				);
				GCC_WARN_64_TO_32_BIT_CONVERSION = YES;
				GCC_WARN_ABOUT_RETURN_TYPE = YES_ERROR;
				GCC_WARN_UNDECLARED_SELECTOR = YES;
				GCC_WARN_UNINITIALIZED_AUTOS = YES_AGGRESSIVE;
				GCC_WARN_UNUSED_FUNCTION = YES;
				GCC_WARN_UNUSED_VARIABLE = YES;
				IPHONEOS_DEPLOYMENT_TARGET = 15.0;
				MTL_ENABLE_DEBUG_INFO = INCLUDE_SOURCE;
				MTL_FAST_MATH = YES;
				ONLY_ACTIVE_ARCH = YES;
				SDKROOT = iphoneos;
				SWIFT_ACTIVE_COMPILATION_CONDITIONS = DEBUG;
				SWIFT_OPTIMIZATION_LEVEL = "-Onone";
			};
			name = Debug;
		};
		76C84D57278C819100C327FA /* Release */ = {
			isa = XCBuildConfiguration;
			buildSettings = {
				ALWAYS_SEARCH_USER_PATHS = NO;
				CLANG_ANALYZER_NONNULL = YES;
				CLANG_ANALYZER_NUMBER_OBJECT_CONVERSION = YES_AGGRESSIVE;
				CLANG_CXX_LANGUAGE_STANDARD = "gnu++17";
				CLANG_CXX_LIBRARY = "libc++";
				CLANG_ENABLE_MODULES = YES;
				CLANG_ENABLE_OBJC_ARC = YES;
				CLANG_ENABLE_OBJC_WEAK = YES;
				CLANG_WARN_BLOCK_CAPTURE_AUTORELEASING = YES;
				CLANG_WARN_BOOL_CONVERSION = YES;
				CLANG_WARN_COMMA = YES;
				CLANG_WARN_CONSTANT_CONVERSION = YES;
				CLANG_WARN_DEPRECATED_OBJC_IMPLEMENTATIONS = YES;
				CLANG_WARN_DIRECT_OBJC_ISA_USAGE = YES_ERROR;
				CLANG_WARN_DOCUMENTATION_COMMENTS = YES;
				CLANG_WARN_EMPTY_BODY = YES;
				CLANG_WARN_ENUM_CONVERSION = YES;
				CLANG_WARN_INFINITE_RECURSION = YES;
				CLANG_WARN_INT_CONVERSION = YES;
				CLANG_WARN_NON_LITERAL_NULL_CONVERSION = YES;
				CLANG_WARN_OBJC_IMPLICIT_RETAIN_SELF = YES;
				CLANG_WARN_OBJC_LITERAL_CONVERSION = YES;
				CLANG_WARN_OBJC_ROOT_CLASS = YES_ERROR;
				CLANG_WARN_QUOTED_INCLUDE_IN_FRAMEWORK_HEADER = YES;
				CLANG_WARN_RANGE_LOOP_ANALYSIS = YES;
				CLANG_WARN_STRICT_PROTOTYPES = YES;
				CLANG_WARN_SUSPICIOUS_MOVE = YES;
				CLANG_WARN_UNGUARDED_AVAILABILITY = YES_AGGRESSIVE;
				CLANG_WARN_UNREACHABLE_CODE = YES;
				CLANG_WARN__DUPLICATE_METHOD_MATCH = YES;
				COPY_PHASE_STRIP = NO;
				DEBUG_INFORMATION_FORMAT = "dwarf-with-dsym";
				ENABLE_NS_ASSERTIONS = NO;
				ENABLE_STRICT_OBJC_MSGSEND = YES;
				GCC_C_LANGUAGE_STANDARD = gnu11;
				GCC_NO_COMMON_BLOCKS = YES;
				GCC_WARN_64_TO_32_BIT_CONVERSION = YES;
				GCC_WARN_ABOUT_RETURN_TYPE = YES_ERROR;
				GCC_WARN_UNDECLARED_SELECTOR = YES;
				GCC_WARN_UNINITIALIZED_AUTOS = YES_AGGRESSIVE;
				GCC_WARN_UNUSED_FUNCTION = YES;
				GCC_WARN_UNUSED_VARIABLE = YES;
				IPHONEOS_DEPLOYMENT_TARGET = 15.0;
				MTL_ENABLE_DEBUG_INFO = NO;
				MTL_FAST_MATH = YES;
				SDKROOT = iphoneos;
				SWIFT_COMPILATION_MODE = wholemodule;
				SWIFT_OPTIMIZATION_LEVEL = "-O";
				VALIDATE_PRODUCT = YES;
			};
			name = Release;
		};
		76C84D59278C819100C327FA /* Debug */ = {
			isa = XCBuildConfiguration;
			buildSettings = {
				ASSETCATALOG_COMPILER_APPICON_NAME = AppIcon;
				ASSETCATALOG_COMPILER_GLOBAL_ACCENT_COLOR_NAME = AccentColor;
				CODE_SIGN_STYLE = Automatic;
				CURRENT_PROJECT_VERSION = 1;
				DEVELOPMENT_ASSET_PATHS = "\"Mobiquity/Preview Content\"";
				ENABLE_PREVIEWS = YES;
				GENERATE_INFOPLIST_FILE = YES;
				INFOPLIST_FILE = Mobiquity/Info.plist;
				INFOPLIST_KEY_UIApplicationSceneManifest_Generation = YES;
				INFOPLIST_KEY_UIApplicationSupportsIndirectInputEvents = YES;
				INFOPLIST_KEY_UILaunchScreen_Generation = YES;
				INFOPLIST_KEY_UISupportedInterfaceOrientations_iPad = "UIInterfaceOrientationPortrait UIInterfaceOrientationPortraitUpsideDown UIInterfaceOrientationLandscapeLeft UIInterfaceOrientationLandscapeRight";
				INFOPLIST_KEY_UISupportedInterfaceOrientations_iPhone = "UIInterfaceOrientationPortrait UIInterfaceOrientationLandscapeLeft UIInterfaceOrientationLandscapeRight";
				IPHONEOS_DEPLOYMENT_TARGET = 14.0;
				LD_RUNPATH_SEARCH_PATHS = (
					"$(inherited)",
					"@executable_path/Frameworks",
				);
				MARKETING_VERSION = 1.0;
				PRODUCT_BUNDLE_IDENTIFIER = dermo.Mobiquity;
				PRODUCT_NAME = "$(TARGET_NAME)";
				SWIFT_EMIT_LOC_STRINGS = YES;
				SWIFT_VERSION = 5.0;
				TARGETED_DEVICE_FAMILY = "1,2";
			};
			name = Debug;
		};
		76C84D5A278C819100C327FA /* Release */ = {
			isa = XCBuildConfiguration;
			buildSettings = {
				ASSETCATALOG_COMPILER_APPICON_NAME = AppIcon;
				ASSETCATALOG_COMPILER_GLOBAL_ACCENT_COLOR_NAME = AccentColor;
				CODE_SIGN_STYLE = Automatic;
				CURRENT_PROJECT_VERSION = 1;
				DEVELOPMENT_ASSET_PATHS = "\"Mobiquity/Preview Content\"";
				ENABLE_PREVIEWS = YES;
				GENERATE_INFOPLIST_FILE = YES;
				INFOPLIST_FILE = Mobiquity/Info.plist;
				INFOPLIST_KEY_UIApplicationSceneManifest_Generation = YES;
				INFOPLIST_KEY_UIApplicationSupportsIndirectInputEvents = YES;
				INFOPLIST_KEY_UILaunchScreen_Generation = YES;
				INFOPLIST_KEY_UISupportedInterfaceOrientations_iPad = "UIInterfaceOrientationPortrait UIInterfaceOrientationPortraitUpsideDown UIInterfaceOrientationLandscapeLeft UIInterfaceOrientationLandscapeRight";
				INFOPLIST_KEY_UISupportedInterfaceOrientations_iPhone = "UIInterfaceOrientationPortrait UIInterfaceOrientationLandscapeLeft UIInterfaceOrientationLandscapeRight";
				IPHONEOS_DEPLOYMENT_TARGET = 14.0;
				LD_RUNPATH_SEARCH_PATHS = (
					"$(inherited)",
					"@executable_path/Frameworks",
				);
				MARKETING_VERSION = 1.0;
				PRODUCT_BUNDLE_IDENTIFIER = dermo.Mobiquity;
				PRODUCT_NAME = "$(TARGET_NAME)";
				SWIFT_EMIT_LOC_STRINGS = YES;
				SWIFT_VERSION = 5.0;
				TARGETED_DEVICE_FAMILY = "1,2";
			};
			name = Release;
		};
		76C84D5C278C819100C327FA /* Debug */ = {
			isa = XCBuildConfiguration;
			buildSettings = {
				ALWAYS_EMBED_SWIFT_STANDARD_LIBRARIES = YES;
				BUNDLE_LOADER = "$(TEST_HOST)";
				CODE_SIGN_STYLE = Automatic;
				CURRENT_PROJECT_VERSION = 1;
				GENERATE_INFOPLIST_FILE = YES;
				IPHONEOS_DEPLOYMENT_TARGET = 14.0;
				LD_RUNPATH_SEARCH_PATHS = (
					"$(inherited)",
					"@executable_path/Frameworks",
					"@loader_path/Frameworks",
				);
				MARKETING_VERSION = 1.0;
				PRODUCT_BUNDLE_IDENTIFIER = dermo.MobiquityTests;
				PRODUCT_NAME = "$(TARGET_NAME)";
				SWIFT_EMIT_LOC_STRINGS = NO;
				SWIFT_VERSION = 5.0;
				TARGETED_DEVICE_FAMILY = "1,2";
				TEST_HOST = "$(BUILT_PRODUCTS_DIR)/Mobiquity.app/Mobiquity";
			};
			name = Debug;
		};
		76C84D5D278C819100C327FA /* Release */ = {
			isa = XCBuildConfiguration;
			buildSettings = {
				ALWAYS_EMBED_SWIFT_STANDARD_LIBRARIES = YES;
				BUNDLE_LOADER = "$(TEST_HOST)";
				CODE_SIGN_STYLE = Automatic;
				CURRENT_PROJECT_VERSION = 1;
				GENERATE_INFOPLIST_FILE = YES;
				IPHONEOS_DEPLOYMENT_TARGET = 14.0;
				LD_RUNPATH_SEARCH_PATHS = (
					"$(inherited)",
					"@executable_path/Frameworks",
					"@loader_path/Frameworks",
				);
				MARKETING_VERSION = 1.0;
				PRODUCT_BUNDLE_IDENTIFIER = dermo.MobiquityTests;
				PRODUCT_NAME = "$(TARGET_NAME)";
				SWIFT_EMIT_LOC_STRINGS = NO;
				SWIFT_VERSION = 5.0;
				TARGETED_DEVICE_FAMILY = "1,2";
				TEST_HOST = "$(BUILT_PRODUCTS_DIR)/Mobiquity.app/Mobiquity";
			};
			name = Release;
		};
		76C84D5F278C819100C327FA /* Debug */ = {
			isa = XCBuildConfiguration;
			buildSettings = {
				ALWAYS_EMBED_SWIFT_STANDARD_LIBRARIES = YES;
				CODE_SIGN_STYLE = Automatic;
				CURRENT_PROJECT_VERSION = 1;
				GENERATE_INFOPLIST_FILE = YES;
				LD_RUNPATH_SEARCH_PATHS = (
					"$(inherited)",
					"@executable_path/Frameworks",
					"@loader_path/Frameworks",
				);
				MARKETING_VERSION = 1.0;
				PRODUCT_BUNDLE_IDENTIFIER = dermo.MobiquityUITests;
				PRODUCT_NAME = "$(TARGET_NAME)";
				SWIFT_EMIT_LOC_STRINGS = NO;
				SWIFT_VERSION = 5.0;
				TARGETED_DEVICE_FAMILY = "1,2";
				TEST_TARGET_NAME = Mobiquity;
			};
			name = Debug;
		};
		76C84D60278C819100C327FA /* Release */ = {
			isa = XCBuildConfiguration;
			buildSettings = {
				ALWAYS_EMBED_SWIFT_STANDARD_LIBRARIES = YES;
				CODE_SIGN_STYLE = Automatic;
				CURRENT_PROJECT_VERSION = 1;
				GENERATE_INFOPLIST_FILE = YES;
				LD_RUNPATH_SEARCH_PATHS = (
					"$(inherited)",
					"@executable_path/Frameworks",
					"@loader_path/Frameworks",
				);
				MARKETING_VERSION = 1.0;
				PRODUCT_BUNDLE_IDENTIFIER = dermo.MobiquityUITests;
				PRODUCT_NAME = "$(TARGET_NAME)";
				SWIFT_EMIT_LOC_STRINGS = NO;
				SWIFT_VERSION = 5.0;
				TARGETED_DEVICE_FAMILY = "1,2";
				TEST_TARGET_NAME = Mobiquity;
			};
			name = Release;
		};
/* End XCBuildConfiguration section */

/* Begin XCConfigurationList section */
		76C84D2F278C818F00C327FA /* Build configuration list for PBXProject "Mobiquity" */ = {
			isa = XCConfigurationList;
			buildConfigurations = (
				76C84D56278C819100C327FA /* Debug */,
				76C84D57278C819100C327FA /* Release */,
			);
			defaultConfigurationIsVisible = 0;
			defaultConfigurationName = Release;
		};
		76C84D58278C819100C327FA /* Build configuration list for PBXNativeTarget "Mobiquity" */ = {
			isa = XCConfigurationList;
			buildConfigurations = (
				76C84D59278C819100C327FA /* Debug */,
				76C84D5A278C819100C327FA /* Release */,
			);
			defaultConfigurationIsVisible = 0;
			defaultConfigurationName = Release;
		};
		76C84D5B278C819100C327FA /* Build configuration list for PBXNativeTarget "MobiquityTests" */ = {
			isa = XCConfigurationList;
			buildConfigurations = (
				76C84D5C278C819100C327FA /* Debug */,
				76C84D5D278C819100C327FA /* Release */,
			);
			defaultConfigurationIsVisible = 0;
			defaultConfigurationName = Release;
		};
		76C84D5E278C819100C327FA /* Build configuration list for PBXNativeTarget "MobiquityUITests" */ = {
			isa = XCConfigurationList;
			buildConfigurations = (
				76C84D5F278C819100C327FA /* Debug */,
				76C84D60278C819100C327FA /* Release */,
			);
			defaultConfigurationIsVisible = 0;
			defaultConfigurationName = Release;
		};
/* End XCConfigurationList section */

/* Begin XCSwiftPackageProductDependency section */
		76B95FFB278D8C7E00ED5DA4 /* NetworkProvider */ = {
			isa = XCSwiftPackageProductDependency;
			productName = NetworkProvider;
		};
/* End XCSwiftPackageProductDependency section */
	};
	rootObject = 76C84D2C278C818F00C327FA /* Project object */;
}
